
Microsoft Visual Studio Solution File, Format Version 12.00
# Visual Studio Version 17
VisualStudioVersion = 17.7.34031.279
MinimumVisualStudioVersion = 10.0.40219.1
Project("{FAE04EC0-301F-11D3-BF4B-00C04F79EFBC}") = "lab2-2.Fomichev", "lab2-2.Fomichev\lab2-2.Fomichev.csproj", "{6C5AB92A-5E6B-46EF-AC6E-9DDDAC6B622C}"
EndProject
Global
	GlobalSection(SolutionConfigurationPlatforms) = preSolution
		Debug|Any CPU = Debug|Any CPU
		Release|Any CPU = Release|Any CPU
	EndGlobalSection
	GlobalSection(ProjectConfigurationPlatforms) = postSolution
		{6C5AB92A-5E6B-46EF-AC6E-9DDDAC6B622C}.Debug|Any CPU.ActiveCfg = Debug|Any CPU
		{6C5AB92A-5E6B-46EF-AC6E-9DDDAC6B622C}.Debug|Any CPU.Build.0 = Debug|Any CPU
		{6C5AB92A-5E6B-46EF-AC6E-9DDDAC6B622C}.Release|Any CPU.ActiveCfg = Release|Any CPU
		{6C5AB92A-5E6B-46EF-AC6E-9DDDAC6B622C}.Release|Any CPU.Build.0 = Release|Any CPU
	EndGlobalSection
	GlobalSection(SolutionProperties) = preSolution
		HideSolutionNode = FALSE
	EndGlobalSection
	GlobalSection(ExtensibilityGlobals) = postSolution
		SolutionGuid = {8337A558-E358-4D81-B681-E3A266DFD746}
	EndGlobalSection
EndGlobal
